// !$*UTF8*$!
{
	archiveVersion = 1;
	classes = {
	};
	objectVersion = 56;
	objects = {

/* Begin PBXBuildFile section */
		98FA48192978BE2F004B5348 /* AppDelegate.swift in Sources */ = {isa = PBXBuildFile; fileRef = 98FA48182978BE2F004B5348 /* AppDelegate.swift */; };
		98FA481B2978BE30004B5348 /* GameScene.sks in Resources */ = {isa = PBXBuildFile; fileRef = 98FA481A2978BE30004B5348 /* GameScene.sks */; };
		98FA481D2978BE30004B5348 /* Actions.sks in Resources */ = {isa = PBXBuildFile; fileRef = 98FA481C2978BE30004B5348 /* Actions.sks */; };
		98FA481F2978BE30004B5348 /* GameScene.swift in Sources */ = {isa = PBXBuildFile; fileRef = 98FA481E2978BE30004B5348 /* GameScene.swift */; };
		98FA48212978BE30004B5348 /* GameViewController.swift in Sources */ = {isa = PBXBuildFile; fileRef = 98FA48202978BE30004B5348 /* GameViewController.swift */; };
		98FA48242978BE30004B5348 /* Main.storyboard in Resources */ = {isa = PBXBuildFile; fileRef = 98FA48222978BE30004B5348 /* Main.storyboard */; };
		98FA48262978BE30004B5348 /* Assets.xcassets in Resources */ = {isa = PBXBuildFile; fileRef = 98FA48252978BE30004B5348 /* Assets.xcassets */; };
		98FA48292978BE30004B5348 /* LaunchScreen.storyboard in Resources */ = {isa = PBXBuildFile; fileRef = 98FA48272978BE30004B5348 /* LaunchScreen.storyboard */; };
/* End PBXBuildFile section */

/* Begin PBXFileReference section */
		98FA48152978BE2F004B5348 /* MAPD724-W2034-ICE-1B.app */ = {isa = PBXFileReference; explicitFileType = wrapper.application; includeInIndex = 0; path = "MAPD724-W2034-ICE-1B.app"; sourceTree = BUILT_PRODUCTS_DIR; };
		98FA48182978BE2F004B5348 /* AppDelegate.swift */ = {isa = PBXFileReference; lastKnownFileType = sourcecode.swift; path = AppDelegate.swift; sourceTree = "<group>"; };
		98FA481A2978BE30004B5348 /* GameScene.sks */ = {isa = PBXFileReference; lastKnownFileType = file.sks; path = GameScene.sks; sourceTree = "<group>"; };
		98FA481C2978BE30004B5348 /* Actions.sks */ = {isa = PBXFileReference; lastKnownFileType = file.sks; path = Actions.sks; sourceTree = "<group>"; };
		98FA481E2978BE30004B5348 /* GameScene.swift */ = {isa = PBXFileReference; lastKnownFileType = sourcecode.swift; path = GameScene.swift; sourceTree = "<group>"; };
		98FA48202978BE30004B5348 /* GameViewController.swift */ = {isa = PBXFileReference; lastKnownFileType = sourcecode.swift; path = GameViewController.swift; sourceTree = "<group>"; };
		98FA48232978BE30004B5348 /* Base */ = {isa = PBXFileReference; lastKnownFileType = file.storyboard; name = Base; path = Base.lproj/Main.storyboard; sourceTree = "<group>"; };
		98FA48252978BE30004B5348 /* Assets.xcassets */ = {isa = PBXFileReference; lastKnownFileType = folder.assetcatalog; path = Assets.xcassets; sourceTree = "<group>"; };
		98FA48282978BE30004B5348 /* Base */ = {isa = PBXFileReference; lastKnownFileType = file.storyboard; name = Base; path = Base.lproj/LaunchScreen.storyboard; sourceTree = "<group>"; };
/* End PBXFileReference section */

/* Begin PBXFrameworksBuildPhase section */
		98FA48122978BE2F004B5348 /* Frameworks */ = {
			isa = PBXFrameworksBuildPhase;
			buildActionMask = 2147483647;
			files = (
			);
			runOnlyForDeploymentPostprocessing = 0;
		};
/* End PBXFrameworksBuildPhase section */

/* Begin PBXGroup section */
		98FA480C2978BE2F004B5348 = {
			isa = PBXGroup;
			children = (
				98FA48172978BE2F004B5348 /* MAPD724-W2034-ICE-1B */,
				98FA48162978BE2F004B5348 /* Products */,
			);
			sourceTree = "<group>";
		};
		98FA48162978BE2F004B5348 /* Products */ = {
			isa = PBXGroup;
			children = (
				98FA48152978BE2F004B5348 /* MAPD724-W2034-ICE-1B.app */,
			);
			name = Products;
			sourceTree = "<group>";
		};
		98FA48172978BE2F004B5348 /* MAPD724-W2034-ICE-1B */ = {
			isa = PBXGroup;
			children = (
				98FA48182978BE2F004B5348 /* AppDelegate.swift */,
				98FA481A2978BE30004B5348 /* GameScene.sks */,
				98FA481C2978BE30004B5348 /* Actions.sks */,
				98FA481E2978BE30004B5348 /* GameScene.swift */,
				98FA48202978BE30004B5348 /* GameViewController.swift */,
				98FA48222978BE30004B5348 /* Main.storyboard */,
				98FA48252978BE30004B5348 /* Assets.xcassets */,
				98FA48272978BE30004B5348 /* LaunchScreen.storyboard */,
			);
			path = "MAPD724-W2034-ICE-1B";
			sourceTree = "<group>";
		};
/* End PBXGroup section */

/* Begin PBXNativeTarget section */
		98FA48142978BE2F004B5348 /* MAPD724-W2034-ICE-1B */ = {
			isa = PBXNativeTarget;
			buildConfigurationList = 98FA482C2978BE30004B5348 /* Build configuration list for PBXNativeTarget "MAPD724-W2034-ICE-1B" */;
			buildPhases = (
				98FA48112978BE2F004B5348 /* Sources */,
				98FA48122978BE2F004B5348 /* Frameworks */,
				98FA48132978BE2F004B5348 /* Resources */,
			);
			buildRules = (
			);
			dependencies = (
			);
			name = "MAPD724-W2034-ICE-1B";
			productName = "MAPD724-W2034-ICE-1B";
			productReference = 98FA48152978BE2F004B5348 /* MAPD724-W2034-ICE-1B.app */;
			productType = "com.apple.product-type.application";
		};
/* End PBXNativeTarget section */

/* Begin PBXProject section */
		98FA480D2978BE2F004B5348 /* Project object */ = {
			isa = PBXProject;
			attributes = {
				BuildIndependentTargetsInParallel = 1;
				LastSwiftUpdateCheck = 1400;
				LastUpgradeCheck = 1400;
				TargetAttributes = {
					98FA48142978BE2F004B5348 = {
						CreatedOnToolsVersion = 14.0;
					};
				};
			};
			buildConfigurationList = 98FA48102978BE2F004B5348 /* Build configuration list for PBXProject "MAPD724-W2034-ICE-1B" */;
			compatibilityVersion = "Xcode 14.0";
			developmentRegion = en;
			hasScannedForEncodings = 0;
			knownRegions = (
				en,
				Base,
			);
			mainGroup = 98FA480C2978BE2F004B5348;
			productRefGroup = 98FA48162978BE2F004B5348 /* Products */;
			projectDirPath = "";
			projectRoot = "";
			targets = (
				98FA48142978BE2F004B5348 /* MAPD724-W2034-ICE-1B */,
			);
		};
/* End PBXProject section */

/* Begin PBXResourcesBuildPhase section */
		98FA48132978BE2F004B5348 /* Resources */ = {
			isa = PBXResourcesBuildPhase;
			buildActionMask = 2147483647;
			files = (
				98FA48242978BE30004B5348 /* Main.storyboard in Resources */,
				98FA481B2978BE30004B5348 /* GameScene.sks in Resources */,
				98FA48262978BE30004B5348 /* Assets.xcassets in Resources */,
				98FA48292978BE30004B5348 /* LaunchScreen.storyboard in Resources */,
				98FA481D2978BE30004B5348 /* Actions.sks in Resources */,
			);
			runOnlyForDeploymentPostprocessing = 0;
		};
/* End PBXResourcesBuildPhase section */

/* Begin PBXSourcesBuildPhase section */
		98FA48112978BE2F004B5348 /* Sources */ = {
			isa = PBXSourcesBuildPhase;
			buildActionMask = 2147483647;
			files = (
				98FA481F2978BE30004B5348 /* GameScene.swift in Sources */,
				98FA48212978BE30004B5348 /* GameViewController.swift in Sources */,
				98FA48192978BE2F004B5348 /* AppDelegate.swift in Sources */,
			);
			runOnlyForDeploymentPostprocessing = 0;
		};
/* End PBXSourcesBuildPhase section */

/* Begin PBXVariantGroup section */
		98FA48222978BE30004B5348 /* Main.storyboard */ = {
			isa = PBXVariantGroup;
			children = (
				98FA48232978BE30004B5348 /* Base */,
			);
			name = Main.storyboard;
			sourceTree = "<group>";
		};
		98FA48272978BE30004B5348 /* LaunchScreen.storyboard */ = {
			isa = PBXVariantGroup;
			children = (
				98FA48282978BE30004B5348 /* Base */,
			);
			name = LaunchScreen.storyboard;
			sourceTree = "<group>";
		};
/* End PBXVariantGroup section */

/* Begin XCBuildConfiguration section */
		98FA482A2978BE30004B5348 /* Debug */ = {
			isa = XCBuildConfiguration;
			buildSettings = {
				ALWAYS_SEARCH_USER_PATHS = NO;
				CLANG_ANALYZER_NONNULL = YES;
				CLANG_ANALYZER_NUMBER_OBJECT_CONVERSION = YES_AGGRESSIVE;
				CLANG_CXX_LANGUAGE_STANDARD = "gnu++20";
				CLANG_ENABLE_MODULES = YES;
				CLANG_ENABLE_OBJC_ARC = YES;
				CLANG_ENABLE_OBJC_WEAK = YES;
				CLANG_WARN_BLOCK_CAPTURE_AUTORELEASING = YES;
				CLANG_WARN_BOOL_CONVERSION = YES;
				CLANG_WARN_COMMA = YES;
				CLANG_WARN_CONSTANT_CONVERSION = YES;
				CLANG_WARN_DEPRECATED_OBJC_IMPLEMENTATIONS = YES;
				CLANG_WARN_DIRECT_OBJC_ISA_USAGE = YES_ERROR;
				CLANG_WARN_DOCUMENTATION_COMMENTS = YES;
				CLANG_WARN_EMPTY_BODY = YES;
				CLANG_WARN_ENUM_CONVERSION = YES;
				CLANG_WARN_INFINITE_RECURSION = YES;
				CLANG_WARN_INT_CONVERSION = YES;
				CLANG_WARN_NON_LITERAL_NULL_CONVERSION = YES;
				CLANG_WARN_OBJC_IMPLICIT_RETAIN_SELF = YES;
				CLANG_WARN_OBJC_LITERAL_CONVERSION = YES;
				CLANG_WARN_OBJC_ROOT_CLASS = YES_ERROR;
				CLANG_WARN_QUOTED_INCLUDE_IN_FRAMEWORK_HEADER = YES;
				CLANG_WARN_RANGE_LOOP_ANALYSIS = YES;
				CLANG_WARN_STRICT_PROTOTYPES = YES;
				CLANG_WARN_SUSPICIOUS_MOVE = YES;
				CLANG_WARN_UNGUARDED_AVAILABILITY = YES_AGGRESSIVE;
				CLANG_WARN_UNREACHABLE_CODE = YES;
				CLANG_WARN__DUPLICATE_METHOD_MATCH = YES;
				COPY_PHASE_STRIP = NO;
				DEBUG_INFORMATION_FORMAT = dwarf;
				ENABLE_STRICT_OBJC_MSGSEND = YES;
				ENABLE_TESTABILITY = YES;
				GCC_C_LANGUAGE_STANDARD = gnu11;
				GCC_DYNAMIC_NO_PIC = NO;
				GCC_NO_COMMON_BLOCKS = YES;
				GCC_OPTIMIZATION_LEVEL = 0;
				GCC_PREPROCESSOR_DEFINITIONS = (
					"DEBUG=1",
					"$(inherited)",
				);
				GCC_WARN_64_TO_32_BIT_CONVERSION = YES;
				GCC_WARN_ABOUT_RETURN_TYPE = YES_ERROR;
				GCC_WARN_UNDECLARED_SELECTOR = YES;
				GCC_WARN_UNINITIALIZED_AUTOS = YES_AGGRESSIVE;
				GCC_WARN_UNUSED_FUNCTION = YES;
				GCC_WARN_UNUSED_VARIABLE = YES;
				IPHONEOS_DEPLOYMENT_TARGET = 16.0;
				MTL_ENABLE_DEBUG_INFO = INCLUDE_SOURCE;
				MTL_FAST_MATH = YES;
				ONLY_ACTIVE_ARCH = YES;
				SDKROOT = iphoneos;
				SWIFT_ACTIVE_COMPILATION_CONDITIONS = DEBUG;
				SWIFT_OPTIMIZATION_LEVEL = "-Onone";
			};
			name = Debug;
		};
		98FA482B2978BE30004B5348 /* Release */ = {
			isa = XCBuildConfiguration;
			buildSettings = {
				ALWAYS_SEARCH_USER_PATHS = NO;
				CLANG_ANALYZER_NONNULL = YES;
				CLANG_ANALYZER_NUMBER_OBJECT_CONVERSION = YES_AGGRESSIVE;
				CLANG_CXX_LANGUAGE_STANDARD = "gnu++20";
				CLANG_ENABLE_MODULES = YES;
				CLANG_ENABLE_OBJC_ARC = YES;
				CLANG_ENABLE_OBJC_WEAK = YES;
				CLANG_WARN_BLOCK_CAPTURE_AUTORELEASING = YES;
				CLANG_WARN_BOOL_CONVERSION = YES;
				CLANG_WARN_COMMA = YES;
				CLANG_WARN_CONSTANT_CONVERSION = YES;
				CLANG_WARN_DEPRECATED_OBJC_IMPLEMENTATIONS = YES;
				CLANG_WARN_DIRECT_OBJC_ISA_USAGE = YES_ERROR;
				CLANG_WARN_DOCUMENTATION_COMMENTS = YES;
				CLANG_WARN_EMPTY_BODY = YES;
				CLANG_WARN_ENUM_CONVERSION = YES;
				CLANG_WARN_INFINITE_RECURSION = YES;
				CLANG_WARN_INT_CONVERSION = YES;
				CLANG_WARN_NON_LITERAL_NULL_CONVERSION = YES;
				CLANG_WARN_OBJC_IMPLICIT_RETAIN_SELF = YES;
				CLANG_WARN_OBJC_LITERAL_CONVERSION = YES;
				CLANG_WARN_OBJC_ROOT_CLASS = YES_ERROR;
				CLANG_WARN_QUOTED_INCLUDE_IN_FRAMEWORK_HEADER = YES;
				CLANG_WARN_RANGE_LOOP_ANALYSIS = YES;
				CLANG_WARN_STRICT_PROTOTYPES = YES;
				CLANG_WARN_SUSPICIOUS_MOVE = YES;
				CLANG_WARN_UNGUARDED_AVAILABILITY = YES_AGGRESSIVE;
				CLANG_WARN_UNREACHABLE_CODE = YES;
				CLANG_WARN__DUPLICATE_METHOD_MATCH = YES;
				COPY_PHASE_STRIP = NO;
				DEBUG_INFORMATION_FORMAT = "dwarf-with-dsym";
				ENABLE_NS_ASSERTIONS = NO;
				ENABLE_STRICT_OBJC_MSGSEND = YES;
				GCC_C_LANGUAGE_STANDARD = gnu11;
				GCC_NO_COMMON_BLOCKS = YES;
				GCC_WARN_64_TO_32_BIT_CONVERSION = YES;
				GCC_WARN_ABOUT_RETURN_TYPE = YES_ERROR;
				GCC_WARN_UNDECLARED_SELECTOR = YES;
				GCC_WARN_UNINITIALIZED_AUTOS = YES_AGGRESSIVE;
				GCC_WARN_UNUSED_FUNCTION = YES;
				GCC_WARN_UNUSED_VARIABLE = YES;
				IPHONEOS_DEPLOYMENT_TARGET = 16.0;
				MTL_ENABLE_DEBUG_INFO = NO;
				MTL_FAST_MATH = YES;
				SDKROOT = iphoneos;
				SWIFT_COMPILATION_MODE = wholemodule;
				SWIFT_OPTIMIZATION_LEVEL = "-O";
				VALIDATE_PRODUCT = YES;
			};
			name = Release;
		};
		98FA482D2978BE30004B5348 /* Debug */ = {
			isa = XCBuildConfiguration;
			buildSettings = {
				ASSETCATALOG_COMPILER_APPICON_NAME = AppIcon;
				ASSETCATALOG_COMPILER_GLOBAL_ACCENT_COLOR_NAME = AccentColor;
				CODE_SIGN_STYLE = Automatic;
				CURRENT_PROJECT_VERSION = 1;
				GENERATE_INFOPLIST_FILE = YES;
				INFOPLIST_KEY_UIApplicationSupportsIndirectInputEvents = YES;
				INFOPLIST_KEY_UILaunchStoryboardName = LaunchScreen;
				INFOPLIST_KEY_UIMainStoryboardFile = Main;
				INFOPLIST_KEY_UIStatusBarHidden = YES;
				INFOPLIST_KEY_UISupportedInterfaceOrientations_iPad = "UIInterfaceOrientationPortrait UIInterfaceOrientationPortraitUpsideDown UIInterfaceOrientationLandscapeLeft UIInterfaceOrientationLandscapeRight";
				INFOPLIST_KEY_UISupportedInterfaceOrientations_iPhone = "UIInterfaceOrientationPortrait UIInterfaceOrientationLandscapeLeft UIInterfaceOrientationLandscapeRight";
				LD_RUNPATH_SEARCH_PATHS = (
					"$(inherited)",
					"@executable_path/Frameworks",
				);
				MARKETING_VERSION = 1.0;
				PRODUCT_BUNDLE_IDENTIFIER = "com.game1.com.MAPD724-W2034-ICE-1B";
				PRODUCT_NAME = "$(TARGET_NAME)";
				SWIFT_EMIT_LOC_STRINGS = YES;
				SWIFT_VERSION = 5.0;
				TARGETED_DEVICE_FAMILY = "1,2";
			};
			name = Debug;
		};
		98FA482E2978BE30004B5348 /* Release */ = {
			isa = XCBuildConfiguration;
			buildSettings = {
				ASSETCATALOG_COMPILER_APPICON_NAME = AppIcon;
				ASSETCATALOG_COMPILER_GLOBAL_ACCENT_COLOR_NAME = AccentColor;
				CODE_SIGN_STYLE = Automatic;
				CURRENT_PROJECT_VERSION = 1;
				GENERATE_INFOPLIST_FILE = YES;
				INFOPLIST_KEY_UIApplicationSupportsIndirectInputEvents = YES;
				INFOPLIST_KEY_UILaunchStoryboardName = LaunchScreen;
				INFOPLIST_KEY_UIMainStoryboardFile = Main;
				INFOPLIST_KEY_UIStatusBarHidden = YES;
				INFOPLIST_KEY_UISupportedInterfaceOrientations_iPad = "UIInterfaceOrientationPortrait UIInterfaceOrientationPortraitUpsideDown UIInterfaceOrientationLandscapeLeft UIInterfaceOrientationLandscapeRight";
				INFOPLIST_KEY_UISupportedInterfaceOrientations_iPhone = "UIInterfaceOrientationPortrait UIInterfaceOrientationLandscapeLeft UIInterfaceOrientationLandscapeRight";
				LD_RUNPATH_SEARCH_PATHS = (
					"$(inherited)",
					"@executable_path/Frameworks",
				);
				MARKETING_VERSION = 1.0;
				PRODUCT_BUNDLE_IDENTIFIER = "com.game1.com.MAPD724-W2034-ICE-1B";
				PRODUCT_NAME = "$(TARGET_NAME)";
				SWIFT_EMIT_LOC_STRINGS = YES;
				SWIFT_VERSION = 5.0;
				TARGETED_DEVICE_FAMILY = "1,2";
			};
			name = Release;
		};
/* End XCBuildConfiguration section */

/* Begin XCConfigurationList section */
		98FA48102978BE2F004B5348 /* Build configuration list for PBXProject "MAPD724-W2034-ICE-1B" */ = {
			isa = XCConfigurationList;
			buildConfigurations = (
				98FA482A2978BE30004B5348 /* Debug */,
				98FA482B2978BE30004B5348 /* Release */,
			);
			defaultConfigurationIsVisible = 0;
			defaultConfigurationName = Release;
		};
		98FA482C2978BE30004B5348 /* Build configuration list for PBXNativeTarget "MAPD724-W2034-ICE-1B" */ = {
			isa = XCConfigurationList;
			buildConfigurations = (
				98FA482D2978BE30004B5348 /* Debug */,
				98FA482E2978BE30004B5348 /* Release */,
			);
			defaultConfigurationIsVisible = 0;
			defaultConfigurationName = Release;
		};
/* End XCConfigurationList section */
	};
	rootObject = 98FA480D2978BE2F004B5348 /* Project object */;
}
